
Microsoft Visual Studio Solution File, Format Version 12.00
# Visual Studio Version 18
VisualStudioVersion = 18.8.11912.234 insiders
MinimumVisualStudioVersion = 10.0.40219.1
Project("{2150E333-8FDC-42A3-9474-1A3956D46DE8}") = "src", "src", "{827E0CD3-B72D-47B6-A68D-7590B98EB39B}"
EndProject
Project("{FAE04EC0-301F-11D3-BF4B-00C04F79EFBC}") = "WorkplaceIQ", "src\WorkplaceIQ\WorkplaceIQ.csproj", "{8CB932BE-4FDD-43FC-BF01-2449C99D5853}"
EndProject
Project("{FAE04EC0-301F-11D3-BF4B-00C04F79EFBC}") = "WorkplaceIQ.Web", "src\WorkplaceIQ.Web\WorkplaceIQ.Web.csproj", "{D69A42E9-E897-4D73-AFF7-E8EB9B676089}"
EndProject
Project("{2150E333-8FDC-42A3-9474-1A3956D46DE8}") = "tests", "tests", "{0AB3BF05-4346-4AA6-1389-037BE0695223}"
EndProject
Project("{FAE04EC0-301F-11D3-BF4B-00C04F79EFBC}") = "WorkplaceIQ.Tests", "tests\WorkplaceIQ.Tests\WorkplaceIQ.Tests.csproj", "{79F80724-6620-42B8-88E7-659EADD92D5A}"
EndProject
Project("{FAE04EC0-301F-11D3-BF4B-00C04F79EFBC}") = "WorkplaceIQ.AspNet", "src\WorkplaceIQ.AspNet\WorkplaceIQ.AspNet.csproj", "{F5964216-7EE8-447E-B429-BE9AD69F3ED7}"
EndProject
Project("{FAE04EC0-301F-11D3-BF4B-00C04F79EFBC}") = "WorkplaceIQ.ServiceDefaults", "src\WorkplaceIQ.ServiceDefaults\WorkplaceIQ.ServiceDefaults.csproj", "{6E16EEA1-D749-4CE7-B188-E3F6F02E2414}"
EndProject
Project("{2150E333-8FDC-42A3-9474-1A3956D46DE8}") = "Solution Items", "Solution Items", "{BF11F488-A38B-40D0-B53A-25098150760F}"
	ProjectSection(SolutionItems) = preProject
		.dockerignore = .dockerignore
		.editorconfig = .editorconfig
		.gitattributes = .gitattributes
		.gitignore = .gitignore
		.mcp.json = .mcp.json
		AGENTS.md = AGENTS.md
		docker-compose.yml = docker-compose.yml
		Dockerfile = Dockerfile
		README.md = README.md
	EndProjectSection
EndProject
Project("{FAE04EC0-301F-11D3-BF4B-00C04F79EFBC}") = "WorkplaceIQ.AppHost", "src\WorkplaceIQ.AppHost\WorkplaceIQ.AppHost.csproj", "{0EAD3D74-10F7-2489-652B-4F7DC02961EC}"
EndProject
Global
	GlobalSection(SolutionConfigurationPlatforms) = preSolution
		Debug|Any CPU = Debug|Any CPU
		Debug|x64 = Debug|x64
		Debug|x86 = Debug|x86
		Release|Any CPU = Release|Any CPU
		Release|x64 = Release|x64
		Release|x86 = Release|x86
	EndGlobalSection
	GlobalSection(ProjectConfigurationPlatforms) = postSolution
		{8CB932BE-4FDD-43FC-BF01-2449C99D5853}.Debug|Any CPU.ActiveCfg = Debug|Any CPU
		{8CB932BE-4FDD-43FC-BF01-2449C99D5853}.Debug|Any CPU.Build.0 = Debug|Any CPU
		{8CB932BE-4FDD-43FC-BF01-2449C99D5853}.Debug|x64.ActiveCfg = Debug|Any CPU
		{8CB932BE-4FDD-43FC-BF01-2449C99D5853}.Debug|x64.Build.0 = Debug|Any CPU
		{8CB932BE-4FDD-43FC-BF01-2449C99D5853}.Debug|x86.ActiveCfg = Debug|Any CPU
		{8CB932BE-4FDD-43FC-BF01-2449C99D5853}.Debug|x86.Build.0 = Debug|Any CPU
		{8CB932BE-4FDD-43FC-BF01-2449C99D5853}.Release|Any CPU.ActiveCfg = Release|Any CPU
		{8CB932BE-4FDD-43FC-BF01-2449C99D5853}.Release|Any CPU.Build.0 = Release|Any CPU
		{8CB932BE-4FDD-43FC-BF01-2449C99D5853}.Release|x64.ActiveCfg = Release|Any CPU
		{8CB932BE-4FDD-43FC-BF01-2449C99D5853}.Release|x64.Build.0 = Release|Any CPU
		{8CB932BE-4FDD-43FC-BF01-2449C99D5853}.Release|x86.ActiveCfg = Release|Any CPU
		{8CB932BE-4FDD-43FC-BF01-2449C99D5853}.Release|x86.Build.0 = Release|Any CPU
		{D69A42E9-E897-4D73-AFF7-E8EB9B676089}.Debug|Any CPU.ActiveCfg = Debug|Any CPU
		{D69A42E9-E897-4D73-AFF7-E8EB9B676089}.Debug|Any CPU.Build.0 = Debug|Any CPU
		{D69A42E9-E897-4D73-AFF7-E8EB9B676089}.Debug|x64.ActiveCfg = Debug|Any CPU
		{D69A42E9-E897-4D73-AFF7-E8EB9B676089}.Debug|x64.Build.0 = Debug|Any CPU
		{D69A42E9-E897-4D73-AFF7-E8EB9B676089}.Debug|x86.ActiveCfg = Debug|Any CPU
		{D69A42E9-E897-4D73-AFF7-E8EB9B676089}.Debug|x86.Build.0 = Debug|Any CPU
		{D69A42E9-E897-4D73-AFF7-E8EB9B676089}.Release|Any CPU.ActiveCfg = Release|Any CPU
		{D69A42E9-E897-4D73-AFF7-E8EB9B676089}.Release|Any CPU.Build.0 = Release|Any CPU
		{D69A42E9-E897-4D73-AFF7-E8EB9B676089}.Release|x64.ActiveCfg = Release|Any CPU
		{D69A42E9-E897-4D73-AFF7-E8EB9B676089}.Release|x64.Build.0 = Release|Any CPU
		{D69A42E9-E897-4D73-AFF7-E8EB9B676089}.Release|x86.ActiveCfg = Release|Any CPU
		{D69A42E9-E897-4D73-AFF7-E8EB9B676089}.Release|x86.Build.0 = Release|Any CPU
		{79F80724-6620-42B8-88E7-659EADD92D5A}.Debug|Any CPU.ActiveCfg = Debug|Any CPU
		{79F80724-6620-42B8-88E7-659EADD92D5A}.Debug|Any CPU.Build.0 = Debug|Any CPU
		{79F80724-6620-42B8-88E7-659EADD92D5A}.Debug|x64.ActiveCfg = Debug|Any CPU
		{79F80724-6620-42B8-88E7-659EADD92D5A}.Debug|x64.Build.0 = Debug|Any CPU
		{79F80724-6620-42B8-88E7-659EADD92D5A}.Debug|x86.ActiveCfg = Debug|Any CPU
		{79F80724-6620-42B8-88E7-659EADD92D5A}.Debug|x86.Build.0 = Debug|Any CPU
		{79F80724-6620-42B8-88E7-659EADD92D5A}.Release|Any CPU.ActiveCfg = Release|Any CPU
		{79F80724-6620-42B8-88E7-659EADD92D5A}.Release|Any CPU.Build.0 = Release|Any CPU
		{79F80724-6620-42B8-88E7-659EADD92D5A}.Release|x64.ActiveCfg = Release|Any CPU
		{79F80724-6620-42B8-88E7-659EADD92D5A}.Release|x64.Build.0 = Release|Any CPU
		{79F80724-6620-42B8-88E7-659EADD92D5A}.Release|x86.ActiveCfg = Release|Any CPU
		{79F80724-6620-42B8-88E7-659EADD92D5A}.Release|x86.Build.0 = Release|Any CPU
		{F5964216-7EE8-447E-B429-BE9AD69F3ED7}.Debug|Any CPU.ActiveCfg = Debug|Any CPU
		{F5964216-7EE8-447E-B429-BE9AD69F3ED7}.Debug|Any CPU.Build.0 = Debug|Any CPU
		{F5964216-7EE8-447E-B429-BE9AD69F3ED7}.Debug|x64.ActiveCfg = Debug|Any CPU
		{F5964216-7EE8-447E-B429-BE9AD69F3ED7}.Debug|x64.Build.0 = Debug|Any CPU
		{F5964216-7EE8-447E-B429-BE9AD69F3ED7}.Debug|x86.ActiveCfg = Debug|Any CPU
		{F5964216-7EE8-447E-B429-BE9AD69F3ED7}.Debug|x86.Build.0 = Debug|Any CPU
		{F5964216-7EE8-447E-B429-BE9AD69F3ED7}.Release|Any CPU.ActiveCfg = Release|Any CPU
		{F5964216-7EE8-447E-B429-BE9AD69F3ED7}.Release|Any CPU.Build.0 = Release|Any CPU
		{F5964216-7EE8-447E-B429-BE9AD69F3ED7}.Release|x64.ActiveCfg = Release|Any CPU
		{F5964216-7EE8-447E-B429-BE9AD69F3ED7}.Release|x64.Build.0 = Release|Any CPU
		{F5964216-7EE8-447E-B429-BE9AD69F3ED7}.Release|x86.ActiveCfg = Release|Any CPU
		{F5964216-7EE8-447E-B429-BE9AD69F3ED7}.Release|x86.Build.0 = Release|Any CPU
		{6E16EEA1-D749-4CE7-B188-E3F6F02E2414}.Debug|Any CPU.ActiveCfg = Debug|Any CPU
		{6E16EEA1-D749-4CE7-B188-E3F6F02E2414}.Debug|Any CPU.Build.0 = Debug|Any CPU
		{6E16EEA1-D749-4CE7-B188-E3F6F02E2414}.Debug|x64.ActiveCfg = Debug|Any CPU
		{6E16EEA1-D749-4CE7-B188-E3F6F02E2414}.Debug|x64.Build.0 = Debug|Any CPU
		{6E16EEA1-D749-4CE7-B188-E3F6F02E2414}.Debug|x86.ActiveCfg = Debug|Any CPU
		{6E16EEA1-D749-4CE7-B188-E3F6F02E2414}.Debug|x86.Build.0 = Debug|Any CPU
		{6E16EEA1-D749-4CE7-B188-E3F6F02E2414}.Release|Any CPU.ActiveCfg = Release|Any CPU
		{6E16EEA1-D749-4CE7-B188-E3F6F02E2414}.Release|Any CPU.Build.0 = Release|Any CPU
		{6E16EEA1-D749-4CE7-B188-E3F6F02E2414}.Release|x64.ActiveCfg = Release|Any CPU
		{6E16EEA1-D749-4CE7-B188-E3F6F02E2414}.Release|x64.Build.0 = Release|Any CPU
		{6E16EEA1-D749-4CE7-B188-E3F6F02E2414}.Release|x86.ActiveCfg = Release|Any CPU
		{6E16EEA1-D749-4CE7-B188-E3F6F02E2414}.Release|x86.Build.0 = Release|Any CPU
		{0EAD3D74-10F7-2489-652B-4F7DC02961EC}.Debug|Any CPU.ActiveCfg = Debug|Any CPU
		{0EAD3D74-10F7-2489-652B-4F7DC02961EC}.Debug|Any CPU.Build.0 = Debug|Any CPU
		{0EAD3D74-10F7-2489-652B-4F7DC02961EC}.Debug|x64.ActiveCfg = Debug|Any CPU
		{0EAD3D74-10F7-2489-652B-4F7DC02961EC}.Debug|x64.Build.0 = Debug|Any CPU
		{0EAD3D74-10F7-2489-652B-4F7DC02961EC}.Debug|x86.ActiveCfg = Debug|Any CPU
		{0EAD3D74-10F7-2489-652B-4F7DC02961EC}.Debug|x86.Build.0 = Debug|Any CPU
		{0EAD3D74-10F7-2489-652B-4F7DC02961EC}.Release|Any CPU.ActiveCfg = Release|Any CPU
		{0EAD3D74-10F7-2489-652B-4F7DC02961EC}.Release|Any CPU.Build.0 = Release|Any CPU
		{0EAD3D74-10F7-2489-652B-4F7DC02961EC}.Release|x64.ActiveCfg = Release|Any CPU
		{0EAD3D74-10F7-2489-652B-4F7DC02961EC}.Release|x64.Build.0 = Release|Any CPU
		{0EAD3D74-10F7-2489-652B-4F7DC02961EC}.Release|x86.ActiveCfg = Release|Any CPU
		{0EAD3D74-10F7-2489-652B-4F7DC02961EC}.Release|x86.Build.0 = Release|Any CPU
	EndGlobalSection
	GlobalSection(SolutionProperties) = preSolution
		HideSolutionNode = FALSE
	EndGlobalSection
	GlobalSection(NestedProjects) = preSolution
		{8CB932BE-4FDD-43FC-BF01-2449C99D5853} = {827E0CD3-B72D-47B6-A68D-7590B98EB39B}
		{D69A42E9-E897-4D73-AFF7-E8EB9B676089} = {827E0CD3-B72D-47B6-A68D-7590B98EB39B}
		{79F80724-6620-42B8-88E7-659EADD92D5A} = {0AB3BF05-4346-4AA6-1389-037BE0695223}
		{F5964216-7EE8-447E-B429-BE9AD69F3ED7} = {827E0CD3-B72D-47B6-A68D-7590B98EB39B}
		{6E16EEA1-D749-4CE7-B188-E3F6F02E2414} = {827E0CD3-B72D-47B6-A68D-7590B98EB39B}
		{0EAD3D74-10F7-2489-652B-4F7DC02961EC} = {827E0CD3-B72D-47B6-A68D-7590B98EB39B}
	EndGlobalSection
EndGlobal
